{
  "version": 4,
  "terraform_version": "1.3.4",
  "serial": 6,
  "lineage": "6bda574a-01b2-cd68-7aa2-4c56eac786ef",
  "outputs": {
    "function_app_default_hostname": {
      "value": "receipts-dev-function-app.azurewebsites.net",
      "type": "string"
    },
    "function_app_name": {
      "value": "receipts-dev-function-app",
      "type": "string"
    }
  },
  "resources": [
    {
      "mode": "managed",
      "type": "azurerm_app_service_plan",
      "name": "app_service_plan",
      "provider": "provider[\"registry.terraform.io/hashicorp/azurerm\"]",
      "instances": [
        {
          "schema_version": 0,
          "attributes": {
            "app_service_environment_id": "",
            "id": "/subscriptions/47e970d0-7fd6-470b-ac14-eefc168f4126/resourceGroups/receipts-dev-resource-group/providers/Microsoft.Web/serverfarms/receipts-dev-app-service-plan",
            "is_xenon": false,
            "kind": "functionapp",
            "location": "westeurope",
            "maximum_elastic_worker_count": 1,
            "maximum_number_of_workers": 0,
            "name": "receipts-dev-app-service-plan",
            "per_site_scaling": false,
            "reserved": true,
            "resource_group_name": "receipts-dev-resource-group",
            "sku": [
              {
                "capacity": 0,
                "size": "Y1",
                "tier": "Dynamic"
              }
            ],
            "tags": null,
            "timeouts": null,
            "zone_redundant": false
          },
          "sensitive_attributes": [],
          "private": "eyJlMmJmYjczMC1lY2FhLTExZTYtOGY4OC0zNDM2M2JjN2M0YzAiOnsiY3JlYXRlIjozNjAwMDAwMDAwMDAwLCJkZWxldGUiOjM2MDAwMDAwMDAwMDAsInJlYWQiOjMwMDAwMDAwMDAwMCwidXBkYXRlIjozNjAwMDAwMDAwMDAwfX0=",
          "dependencies": [
            "azurerm_resource_group.resource_group"
          ]
        }
      ]
    },
    {
      "mode": "managed",
      "type": "azurerm_application_insights",
      "name": "application_insights",
      "provider": "provider[\"registry.terraform.io/hashicorp/azurerm\"]",
      "instances": [
        {
          "schema_version": 1,
          "attributes": {
            "app_id": "88ee10dc-d996-4192-b4aa-1f98999bea86",
            "application_type": "Node.JS",
            "connection_string": "InstrumentationKey=2eea5407-62fe-4235-bd3c-a3b6fbaeaa83;IngestionEndpoint=https://westeurope-3.in.applicationinsights.azure.com/;LiveEndpoint=https://westeurope.livediagnostics.monitor.azure.com/",
            "daily_data_cap_in_gb": 100,
            "daily_data_cap_notifications_disabled": false,
            "disable_ip_masking": false,
            "force_customer_storage_for_profiler": false,
            "id": "/subscriptions/47e970d0-7fd6-470b-ac14-eefc168f4126/resourceGroups/receipts-dev-resource-group/providers/Microsoft.Insights/components/receipts-dev-application-insights",
            "instrumentation_key": "2eea5407-62fe-4235-bd3c-a3b6fbaeaa83",
            "internet_ingestion_enabled": true,
            "internet_query_enabled": true,
            "local_authentication_disabled": false,
            "location": "westeurope",
            "name": "receipts-dev-application-insights",
            "resource_group_name": "receipts-dev-resource-group",
            "retention_in_days": 90,
            "sampling_percentage": 100,
            "tags": null,
            "timeouts": null,
            "workspace_id": null
          },
          "sensitive_attributes": [],
          "private": "eyJlMmJmYjczMC1lY2FhLTExZTYtOGY4OC0zNDM2M2JjN2M0YzAiOnsiY3JlYXRlIjozNjAwMDAwMDAwMDAwLCJkZWxldGUiOjE4MDAwMDAwMDAwMDAsInJlYWQiOjMwMDAwMDAwMDAwMCwidXBkYXRlIjoxODAwMDAwMDAwMDAwfSwic2NoZW1hX3ZlcnNpb24iOiIxIn0=",
          "dependencies": [
            "azurerm_resource_group.resource_group"
          ]
        }
      ]
    },
    {
      "mode": "managed",
      "type": "azurerm_function_app",
      "name": "function_app",
      "provider": "provider[\"registry.terraform.io/hashicorp/azurerm\"]",
      "instances": [
        {
          "schema_version": 0,
          "attributes": {
            "app_service_plan_id": "/subscriptions/47e970d0-7fd6-470b-ac14-eefc168f4126/resourceGroups/receipts-dev-resource-group/providers/Microsoft.Web/serverfarms/receipts-dev-app-service-plan",
            "app_settings": {
              "APPINSIGHTS_INSTRUMENTATIONKEY": "2eea5407-62fe-4235-bd3c-a3b6fbaeaa83",
              "FUNCTIONS_WORKER_RUNTIME": "node",
              "WEBSITE_RUN_FROM_PACKAGE": ""
            },
            "auth_settings": [
              {
                "active_directory": [],
                "additional_login_params": {},
                "allowed_external_redirect_urls": [],
                "default_provider": "",
                "enabled": false,
                "facebook": [],
                "google": [],
                "issuer": "",
                "microsoft": [],
                "runtime_version": "",
                "token_refresh_extension_hours": 0,
                "token_store_enabled": false,
                "twitter": [],
                "unauthenticated_client_action": ""
              }
            ],
            "client_cert_mode": "",
            "connection_string": [],
            "custom_domain_verification_id": "F1070651E0385DB87DB9357B3CBEE156CBE85C2D33EF9242948EF81FF2084F8B",
            "daily_memory_time_quota": 0,
            "default_hostname": "receipts-dev-function-app.azurewebsites.net",
            "enable_builtin_logging": true,
            "enabled": true,
            "https_only": false,
            "id": "/subscriptions/47e970d0-7fd6-470b-ac14-eefc168f4126/resourceGroups/receipts-dev-resource-group/providers/Microsoft.Web/sites/receipts-dev-function-app",
            "identity": [],
            "key_vault_reference_identity_id": "SystemAssigned",
            "kind": "functionapp,linux",
            "location": "westeurope",
            "name": "receipts-dev-function-app",
            "os_type": "linux",
            "outbound_ip_addresses": "51.124.49.60,51.124.49.105,51.124.49.198,51.124.51.136,51.124.52.134,51.124.52.172,20.50.2.8",
            "possible_outbound_ip_addresses": "51.124.49.60,51.124.49.105,51.124.49.198,51.124.51.136,51.124.52.134,51.124.52.172,51.124.52.248,51.124.54.120,51.124.54.195,51.124.55.21,51.124.55.117,51.124.55.209,20.50.231.46,20.54.184.164,20.54.184.181,20.54.185.23,20.54.185.49,20.54.185.144,20.93.245.248,20.93.246.58,20.93.246.81,20.93.246.195,20.93.242.96,20.93.246.235,20.50.2.8",
            "resource_group_name": "receipts-dev-resource-group",
            "site_config": [
              {
                "always_on": false,
                "app_scale_limit": 0,
                "auto_swap_slot_name": "",
                "cors": [
                  {
                    "allowed_origins": [],
                    "support_credentials": false
                  }
                ],
                "dotnet_framework_version": "v4.0",
                "elastic_instance_minimum": 0,
                "ftps_state": "AllAllowed",
                "health_check_path": "",
                "http2_enabled": false,
                "ip_restriction": [],
                "java_version": "",
                "linux_fx_version": "node|14",
                "min_tls_version": "1.2",
                "pre_warmed_instance_count": 0,
                "runtime_scale_monitoring_enabled": false,
                "scm_ip_restriction": [],
                "scm_type": "None",
                "scm_use_main_ip_restriction": false,
                "use_32_bit_worker_process": false,
                "vnet_route_all_enabled": false,
                "websockets_enabled": false
              }
            ],
            "site_credential": [
              {
                "password": "4vSKkCFkmjWB7fdwNjTtEHf6RWlPmL8kygeoXgE99WzSaPBy0adfJqMoAvHH",
                "username": "$receipts-dev-function-app"
              }
            ],
            "source_control": [
              {
                "branch": "main",
                "manual_integration": false,
                "repo_url": "",
                "rollback_enabled": false,
                "use_mercurial": false
              }
            ],
            "storage_account_access_key": "NyjmE4agATiQy7uN6iashztjQ0JiH6u76dgc9n5U6umqhCmIt6XSqKSvpjjDqmz2yeo7hdpRIq2n+ASt9tai6w==",
            "storage_account_name": "receiptsdevstorage",
            "tags": null,
            "timeouts": null,
            "version": "~3"
          },
          "sensitive_attributes": [
            [
              {
                "type": "get_attr",
                "value": "app_settings"
              },
              {
                "type": "index",
                "value": {
                  "value": "APPINSIGHTS_INSTRUMENTATIONKEY",
                  "type": "string"
                }
              }
            ],
            [
              {
                "type": "get_attr",
                "value": "storage_account_access_key"
              }
            ]
          ],
          "private": "eyJlMmJmYjczMC1lY2FhLTExZTYtOGY4OC0zNDM2M2JjN2M0YzAiOnsiY3JlYXRlIjoxODAwMDAwMDAwMDAwLCJkZWxldGUiOjE4MDAwMDAwMDAwMDAsInJlYWQiOjMwMDAwMDAwMDAwMCwidXBkYXRlIjoxODAwMDAwMDAwMDAwfX0=",
          "dependencies": [
            "azurerm_app_service_plan.app_service_plan",
            "azurerm_application_insights.application_insights",
            "azurerm_resource_group.resource_group",
            "azurerm_storage_account.storage_account"
          ]
        }
      ]
    },
    {
      "mode": "managed",
      "type": "azurerm_resource_group",
      "name": "resource_group",
      "provider": "provider[\"registry.terraform.io/hashicorp/azurerm\"]",
      "instances": [
        {
          "schema_version": 0,
          "attributes": {
            "id": "/subscriptions/47e970d0-7fd6-470b-ac14-eefc168f4126/resourceGroups/receipts-dev-resource-group",
            "location": "westeurope",
            "name": "receipts-dev-resource-group",
            "tags": null,
            "timeouts": null
          },
          "sensitive_attributes": [],
          "private": "eyJlMmJmYjczMC1lY2FhLTExZTYtOGY4OC0zNDM2M2JjN2M0YzAiOnsiY3JlYXRlIjo1NDAwMDAwMDAwMDAwLCJkZWxldGUiOjU0MDAwMDAwMDAwMDAsInJlYWQiOjMwMDAwMDAwMDAwMCwidXBkYXRlIjo1NDAwMDAwMDAwMDAwfX0="
        }
      ]
    },
    {
      "mode": "managed",
      "type": "azurerm_storage_account",
      "name": "storage_account",
      "provider": "provider[\"registry.terraform.io/hashicorp/azurerm\"]",
      "instances": [
        {
          "schema_version": 3,
          "attributes": {
            "access_tier": "Hot",
            "account_kind": "StorageV2",
            "account_replication_type": "LRS",
            "account_tier": "Standard",
            "allow_nested_items_to_be_public": true,
            "azure_files_authentication": [],
            "blob_properties": [
              {
                "change_feed_enabled": false,
                "container_delete_retention_policy": [],
                "cors_rule": [],
                "default_service_version": "",
                "delete_retention_policy": [],
                "last_access_time_enabled": false,
                "versioning_enabled": false
              }
            ],
            "custom_domain": [],
            "customer_managed_key": [],
            "edge_zone": "",
            "enable_https_traffic_only": true,
            "id": "/subscriptions/47e970d0-7fd6-470b-ac14-eefc168f4126/resourceGroups/receipts-dev-resource-group/providers/Microsoft.Storage/storageAccounts/receiptsdevstorage",
            "identity": [],
            "infrastructure_encryption_enabled": false,
            "is_hns_enabled": false,
            "large_file_share_enabled": null,
            "location": "westeurope",
            "min_tls_version": "TLS1_2",
            "name": "receiptsdevstorage",
            "network_rules": [
              {
                "bypass": [
                  "AzureServices"
                ],
                "default_action": "Allow",
                "ip_rules": [],
                "private_link_access": [],
                "virtual_network_subnet_ids": []
              }
            ],
            "nfsv3_enabled": false,
            "primary_access_key": "NyjmE4agATiQy7uN6iashztjQ0JiH6u76dgc9n5U6umqhCmIt6XSqKSvpjjDqmz2yeo7hdpRIq2n+ASt9tai6w==",
            "primary_blob_connection_string": "DefaultEndpointsProtocol=https;BlobEndpoint=https://receiptsdevstorage.blob.core.windows.net/;AccountName=receiptsdevstorage;AccountKey=NyjmE4agATiQy7uN6iashztjQ0JiH6u76dgc9n5U6umqhCmIt6XSqKSvpjjDqmz2yeo7hdpRIq2n+ASt9tai6w==",
            "primary_blob_endpoint": "https://receiptsdevstorage.blob.core.windows.net/",
            "primary_blob_host": "receiptsdevstorage.blob.core.windows.net",
            "primary_connection_string": "DefaultEndpointsProtocol=https;AccountName=receiptsdevstorage;AccountKey=NyjmE4agATiQy7uN6iashztjQ0JiH6u76dgc9n5U6umqhCmIt6XSqKSvpjjDqmz2yeo7hdpRIq2n+ASt9tai6w==;EndpointSuffix=core.windows.net",
            "primary_dfs_endpoint": "https://receiptsdevstorage.dfs.core.windows.net/",
            "primary_dfs_host": "receiptsdevstorage.dfs.core.windows.net",
            "primary_file_endpoint": "https://receiptsdevstorage.file.core.windows.net/",
            "primary_file_host": "receiptsdevstorage.file.core.windows.net",
            "primary_location": "westeurope",
            "primary_queue_endpoint": "https://receiptsdevstorage.queue.core.windows.net/",
            "primary_queue_host": "receiptsdevstorage.queue.core.windows.net",
            "primary_table_endpoint": "https://receiptsdevstorage.table.core.windows.net/",
            "primary_table_host": "receiptsdevstorage.table.core.windows.net",
            "primary_web_endpoint": "https://receiptsdevstorage.z6.web.core.windows.net/",
            "primary_web_host": "receiptsdevstorage.z6.web.core.windows.net",
            "queue_encryption_key_type": "Service",
            "queue_properties": [
              {
                "cors_rule": [],
                "hour_metrics": [
                  {
                    "enabled": true,
                    "include_apis": true,
                    "retention_policy_days": 7,
                    "version": "1.0"
                  }
                ],
                "logging": [
                  {
                    "delete": false,
                    "read": false,
                    "retention_policy_days": 0,
                    "version": "1.0",
                    "write": false
                  }
                ],
                "minute_metrics": [
                  {
                    "enabled": false,
                    "include_apis": false,
                    "retention_policy_days": 0,
                    "version": "1.0"
                  }
                ]
              }
            ],
            "resource_group_name": "receipts-dev-resource-group",
            "routing": [],
            "secondary_access_key": "Ur1Da6yyTIr7HpHip5v6wsC2P+oF2MXvL24ZWw+9MdYGwk05cGngv0urUJFjOellYU4y3YcH0GR/+AStKKMzFw==",
            "secondary_blob_connection_string": "",
            "secondary_blob_endpoint": null,
            "secondary_blob_host": null,
            "secondary_connection_string": "DefaultEndpointsProtocol=https;AccountName=receiptsdevstorage;AccountKey=Ur1Da6yyTIr7HpHip5v6wsC2P+oF2MXvL24ZWw+9MdYGwk05cGngv0urUJFjOellYU4y3YcH0GR/+AStKKMzFw==;EndpointSuffix=core.windows.net",
            "secondary_dfs_endpoint": null,
            "secondary_dfs_host": null,
            "secondary_file_endpoint": null,
            "secondary_file_host": null,
            "secondary_location": "",
            "secondary_queue_endpoint": null,
            "secondary_queue_host": null,
            "secondary_table_endpoint": null,
            "secondary_table_host": null,
            "secondary_web_endpoint": null,
            "secondary_web_host": null,
            "share_properties": [
              {
                "cors_rule": [],
                "retention_policy": [
                  {
                    "days": 7
                  }
                ],
                "smb": []
              }
            ],
            "shared_access_key_enabled": true,
            "static_website": [],
            "table_encryption_key_type": "Service",
            "tags": null,
            "timeouts": null
          },
          "sensitive_attributes": [],
          "private": "eyJlMmJmYjczMC1lY2FhLTExZTYtOGY4OC0zNDM2M2JjN2M0YzAiOnsiY3JlYXRlIjozNjAwMDAwMDAwMDAwLCJkZWxldGUiOjM2MDAwMDAwMDAwMDAsInJlYWQiOjMwMDAwMDAwMDAwMCwidXBkYXRlIjozNjAwMDAwMDAwMDAwfSwic2NoZW1hX3ZlcnNpb24iOiIzIn0=",
          "dependencies": [
            "azurerm_resource_group.resource_group"
          ]
        }
      ]
    }
  ],
  "check_results": null
}
